{
  "name": "ar-medel",
  "version": "1.0.0",
  "lockfileVersion": 1,
  "requires": true,
  "dependencies": {
    "mmd-parser": {
      "version": "1.0.3",
      "resolved": "https://registry.npmjs.org/mmd-parser/-/mmd-parser-1.0.3.tgz",
      "integrity": "sha1-fk5HXQdnKeWSw+a76SmNe4Qe0+0=",
      "dev": true
    }
  }
}
